github.com/nunocoracao/blowfish/v2 v2.16.0 h1:ZdFfZ6GrRJiy5oMr5hzA1+fMKV/7gzi4DcfrUGq9Qm0=
github.com/nunocoracao/blowfish/v2 v2.16.0/go.mod h1:4SkMc+Ht8gpQCwArqiHMBDP3soxi2OWuAhVney+cuyk=
github.com/nunocoracao/blowfish/v2 v2.29.0 h1:I502Gesht+NaLtN/SdZOW1nDVrgEFi6OdTEC1aBBDxo=
github.com/nunocoracao/blowfish/v2 v2.29.0/go.mod h1:4SkMc+Ht8gpQCwArqiHMBDP3soxi2OWuAhVney+cuyk=
